
Microsoft Visual Studio Solution File, Format Version 12.00
# Visual Studio Version 17
VisualStudioVersion = 17.7.34031.279
MinimumVisualStudioVersion = 10.0.40219.1
Project("{FAE04EC0-301F-11D3-BF4B-00C04F79EFBC}") = "DevilsRegimeUpdater3", "DevilsRegimeUpdater3.csproj", "{F3C26707-1A02-49B2-84DF-3499AD422E71}"
EndProject
Global
	GlobalSection(SolutionConfigurationPlatforms) = preSolution
		Debug|Any CPU = Debug|Any CPU
		Release|Any CPU = Release|Any CPU
	EndGlobalSection
	GlobalSection(ProjectConfigurationPlatforms) = postSolution
		{F3C26707-1A02-49B2-84DF-3499AD422E71}.Debug|Any CPU.ActiveCfg = Debug|Any CPU
		{F3C26707-1A02-49B2-84DF-3499AD422E71}.Debug|Any CPU.Build.0 = Debug|Any CPU
		{F3C26707-1A02-49B2-84DF-3499AD422E71}.Release|Any CPU.ActiveCfg = Release|Any CPU
		{F3C26707-1A02-49B2-84DF-3499AD422E71}.Release|Any CPU.Build.0 = Release|Any CPU
	EndGlobalSection
	GlobalSection(SolutionProperties) = preSolution
		HideSolutionNode = FALSE
	EndGlobalSection
	GlobalSection(ExtensibilityGlobals) = postSolution
		SolutionGuid = {ADC4C19C-BF41-4686-9BDE-E6961085503D}
	EndGlobalSection
EndGlobal
